// !$*UTF8*$!
{
	archiveVersion = 1;
	classes = {
	};
	objectVersion = 56;
	objects = {

/* Begin PBXBuildFile section */
		0E0A23ED95504B76BE56E6BC /* SensorViewModel.swift in Sources */ = {isa = PBXBuildFile; fileRef = F131924937CF487CB6496AAA /* SensorViewModel.swift */; };
		16EFC05E52964058BA0F8FB8 /* AIDA64RemoteApp.swift in Sources */ = {isa = PBXBuildFile; fileRef = 133C9C1ABE3E413D9D24F752 /* AIDA64RemoteApp.swift */; };
		2246265A541C4A978C2C29A7 /* SettingsStore.swift in Sources */ = {isa = PBXBuildFile; fileRef = 17117AB070F24CD7AE8D7576 /* SettingsStore.swift */; };
		284D5A5AAED24F70A83D8674 /* SensorParserTests.swift in Sources */ = {isa = PBXBuildFile; fileRef = F9178681514B4809BEF4D69D /* SensorParserTests.swift */; };
		40E99356DAE34AD48FA510CA /* Aida64SseClient.swift in Sources */ = {isa = PBXBuildFile; fileRef = 98CC373444DF41B4A5BB8CFA /* Aida64SseClient.swift */; };
		4191200B79DE42C4BCBD5DD0 /* AppTheme.swift in Sources */ = {isa = PBXBuildFile; fileRef = 9559F834DD0747E4B2751228 /* AppTheme.swift */; };
		445ACE44D6654B91806A6433 /* ContentRootView.swift in Sources */ = {isa = PBXBuildFile; fileRef = 7418BCB3245B40A4BA01ACF6 /* ContentRootView.swift */; };
		46EFB2F07CE5464FB06156F5 /* MonitorView.swift in Sources */ = {isa = PBXBuildFile; fileRef = A5CC141CE6BF4FD4B07CFA01 /* MonitorView.swift */; };
		56C301F00B834BC190664BA7 /* DashboardMapping.swift in Sources */ = {isa = PBXBuildFile; fileRef = B993C9FEA84B4E00BF68958A /* DashboardMapping.swift */; };
		572BC65D87CD4D47B24EEC9B /* SettingsView.swift in Sources */ = {isa = PBXBuildFile; fileRef = 3F2F74409E8E49D3AAA321D7 /* SettingsView.swift */; };
		57966862407F45D3BA8DEC29 /* SensorModels.swift in Sources */ = {isa = PBXBuildFile; fileRef = F8CC49F3B24F4C2A85647BCA /* SensorModels.swift */; };
		59870377C1F04D85BF500876 /* HtmlLabelParser.swift in Sources */ = {isa = PBXBuildFile; fileRef = F921DB0F610F4D9D85681C63 /* HtmlLabelParser.swift */; };
		5C1CFE698DCC419387098245 /* ConnectionConfig.swift in Sources */ = {isa = PBXBuildFile; fileRef = 6463BFE407744D76BB1A7C00 /* ConnectionConfig.swift */; };
		6660175070ED4E36AEFEB80C /* SensorParser.swift in Sources */ = {isa = PBXBuildFile; fileRef = 764E8E91E1FB418C93F12B52 /* SensorParser.swift */; };
		8E7EB1399CD64B699968FAEE /* DashboardComponents.swift in Sources */ = {isa = PBXBuildFile; fileRef = 1E39253EAA674F1A9E3D1DEE /* DashboardComponents.swift */; };
		9C652FB03DF949A693AEFD96 /* DashColors.swift in Sources */ = {isa = PBXBuildFile; fileRef = 81B5B0BF038A4BF2AECB34D0 /* DashColors.swift */; };
		FD98524651304C3185876FC6 /* Assets.xcassets in Resources */ = {isa = PBXBuildFile; fileRef = 2C9E8EEA6B4B4BF3B4A41EBD /* Assets.xcassets */; };
		A3C076BFA7F9464892DC8096 /* LhmHttpClient.swift in Sources */ = {isa = PBXBuildFile; fileRef = FF809C259F0042D48E05B0E0 /* LhmHttpClient.swift */; };
		73C9D6B68381494A8CC6C7EA /* BarScalePeaks.swift in Sources */ = {isa = PBXBuildFile; fileRef = 27FEE9C3D9EC4752B8C6FC45 /* BarScalePeaks.swift */; };
/* End PBXBuildFile section */

/* Begin PBXContainerItemProxy section */
		8AE805F5F68946309C01194A /* PBXContainerItemProxy */ = {
			isa = PBXContainerItemProxy;
			containerPortal = C07AF5ABE9B34E0FA4935990 /* Project object */;
			proxyType = 1;
			remoteGlobalIDString = 563245FA0DBC40209875E808;
			remoteInfo = AIDA64Remote;
		};
/* End PBXContainerItemProxy section */

/* Begin PBXFileReference section */
		133C9C1ABE3E413D9D24F752 /* AIDA64RemoteApp.swift */ = {isa = PBXFileReference; lastKnownFileType = sourcecode.swift; path = AIDA64RemoteApp.swift; sourceTree = "<group>"; };
		17117AB070F24CD7AE8D7576 /* SettingsStore.swift */ = {isa = PBXFileReference; lastKnownFileType = sourcecode.swift; path = SettingsStore.swift; sourceTree = "<group>"; };
		1E39253EAA674F1A9E3D1DEE /* DashboardComponents.swift */ = {isa = PBXFileReference; lastKnownFileType = sourcecode.swift; path = DashboardComponents.swift; sourceTree = "<group>"; };
		2C9E8EEA6B4B4BF3B4A41EBD /* Assets.xcassets */ = {isa = PBXFileReference; lastKnownFileType = folder.assetcatalog; path = Assets.xcassets; sourceTree = "<group>"; };
		3F2F74409E8E49D3AAA321D7 /* SettingsView.swift */ = {isa = PBXFileReference; lastKnownFileType = sourcecode.swift; path = SettingsView.swift; sourceTree = "<group>"; };
		6463BFE407744D76BB1A7C00 /* ConnectionConfig.swift */ = {isa = PBXFileReference; lastKnownFileType = sourcecode.swift; path = ConnectionConfig.swift; sourceTree = "<group>"; };
		7418BCB3245B40A4BA01ACF6 /* ContentRootView.swift */ = {isa = PBXFileReference; lastKnownFileType = sourcecode.swift; path = ContentRootView.swift; sourceTree = "<group>"; };
		764E8E91E1FB418C93F12B52 /* SensorParser.swift */ = {isa = PBXFileReference; lastKnownFileType = sourcecode.swift; path = SensorParser.swift; sourceTree = "<group>"; };
		7F23694D34C148A6A913D6D5 /* AIDA64Remote.app */ = {isa = PBXFileReference; explicitFileType = wrapper.application; includeInIndex = 0; path = AIDA64Remote.app; sourceTree = BUILT_PRODUCTS_DIR; };
		81B5B0BF038A4BF2AECB34D0 /* DashColors.swift */ = {isa = PBXFileReference; lastKnownFileType = sourcecode.swift; path = DashColors.swift; sourceTree = "<group>"; };
		9559F834DD0747E4B2751228 /* AppTheme.swift */ = {isa = PBXFileReference; lastKnownFileType = sourcecode.swift; path = AppTheme.swift; sourceTree = "<group>"; };
		98CC373444DF41B4A5BB8CFA /* Aida64SseClient.swift */ = {isa = PBXFileReference; lastKnownFileType = sourcecode.swift; path = Aida64SseClient.swift; sourceTree = "<group>"; };
		A5CC141CE6BF4FD4B07CFA01 /* MonitorView.swift */ = {isa = PBXFileReference; lastKnownFileType = sourcecode.swift; path = MonitorView.swift; sourceTree = "<group>"; };
		B993C9FEA84B4E00BF68958A /* DashboardMapping.swift */ = {isa = PBXFileReference; lastKnownFileType = sourcecode.swift; path = DashboardMapping.swift; sourceTree = "<group>"; };
		ED2757ABBE324BF3A639AEDB /* Info.plist */ = {isa = PBXFileReference; lastKnownFileType = text.plist.xml; path = Info.plist; sourceTree = "<group>"; };
		F131924937CF487CB6496AAA /* SensorViewModel.swift */ = {isa = PBXFileReference; lastKnownFileType = sourcecode.swift; path = SensorViewModel.swift; sourceTree = "<group>"; };
		F8CC49F3B24F4C2A85647BCA /* SensorModels.swift */ = {isa = PBXFileReference; lastKnownFileType = sourcecode.swift; path = SensorModels.swift; sourceTree = "<group>"; };
		F9178681514B4809BEF4D69D /* SensorParserTests.swift */ = {isa = PBXFileReference; lastKnownFileType = sourcecode.swift; path = SensorParserTests.swift; sourceTree = "<group>"; };
		F921DB0F610F4D9D85681C63 /* HtmlLabelParser.swift */ = {isa = PBXFileReference; lastKnownFileType = sourcecode.swift; path = HtmlLabelParser.swift; sourceTree = "<group>"; };
		F94A72F1D5844BF5B2E514C3 /* AIDA64RemoteTests.xctest */ = {isa = PBXFileReference; explicitFileType = wrapper.cfbundle; includeInIndex = 0; path = AIDA64RemoteTests.xctest; sourceTree = BUILT_PRODUCTS_DIR; };
		FF809C259F0042D48E05B0E0 /* LhmHttpClient.swift */ = {isa = PBXFileReference; lastKnownFileType = sourcecode.swift; path = LhmHttpClient.swift; sourceTree = "<group>"; };
		27FEE9C3D9EC4752B8C6FC45 /* BarScalePeaks.swift */ = {isa = PBXFileReference; lastKnownFileType = sourcecode.swift; path = BarScalePeaks.swift; sourceTree = "<group>"; };
/* End PBXFileReference section */

/* Begin PBXFrameworksBuildPhase section */
		30A6E2DB056340228E8E0644 /* Frameworks */ = {
			isa = PBXFrameworksBuildPhase;
			buildActionMask = 2147483647;
			files = (
			);
			runOnlyForDeploymentPostprocessing = 0;
		};
		9CD646366E804B5BB5782998 /* Frameworks */ = {
			isa = PBXFrameworksBuildPhase;
			buildActionMask = 2147483647;
			files = (
			);
			runOnlyForDeploymentPostprocessing = 0;
		};
/* End PBXFrameworksBuildPhase section */

/* Begin PBXGroup section */
		0335FCACEB554D479E36927E /* ViewModels */ = {
			isa = PBXGroup;
			children = (
				F131924937CF487CB6496AAA /* SensorViewModel.swift */,
			);
			path = ViewModels;
			sourceTree = "<group>";
		};
		142884FE86934521B5A9885E /* Components */ = {
			isa = PBXGroup;
			children = (
				1E39253EAA674F1A9E3D1DEE /* DashboardComponents.swift */,
			);
			path = Components;
			sourceTree = "<group>";
		};
		59C76EA22C1D417ABDDA7480 /* AIDA64Remote */ = {
			isa = PBXGroup;
			children = (
				133C9C1ABE3E413D9D24F752 /* AIDA64RemoteApp.swift */,
				7418BCB3245B40A4BA01ACF6 /* ContentRootView.swift */,
				CCF3813F68A04105A5BEF322 /* Data */,
				ADFDB727E0984E93B973904C /* Model */,
				0335FCACEB554D479E36927E /* ViewModels */,
				7E1E3031286845FA98F1FA2D /* Views */,
				2C9E8EEA6B4B4BF3B4A41EBD /* Assets.xcassets */,
				ED2757ABBE324BF3A639AEDB /* Info.plist */,
			);
			path = AIDA64Remote;
			sourceTree = "<group>";
		};
		7E1E3031286845FA98F1FA2D /* Views */ = {
			isa = PBXGroup;
			children = (
				3F2F74409E8E49D3AAA321D7 /* SettingsView.swift */,
				A5CC141CE6BF4FD4B07CFA01 /* MonitorView.swift */,
				142884FE86934521B5A9885E /* Components */,
				83F0FFE45DB34C1EB1261F80 /* Theme */,
			);
			path = Views;
			sourceTree = "<group>";
		};
		83F0FFE45DB34C1EB1261F80 /* Theme */ = {
			isa = PBXGroup;
			children = (
				81B5B0BF038A4BF2AECB34D0 /* DashColors.swift */,
				9559F834DD0747E4B2751228 /* AppTheme.swift */,
			);
			path = Theme;
			sourceTree = "<group>";
		};
		ACD80F4EF5BE4137BFC78A78 = {
			isa = PBXGroup;
			children = (
				59C76EA22C1D417ABDDA7480 /* AIDA64Remote */,
				F21722DF01CE437EB7E7E346 /* AIDA64RemoteTests */,
				CF13C01160C04C6B86E794D8 /* Products */,
			);
			sourceTree = "<group>";
		};
		ADFDB727E0984E93B973904C /* Model */ = {
			isa = PBXGroup;
			children = (
				F8CC49F3B24F4C2A85647BCA /* SensorModels.swift */,
				B993C9FEA84B4E00BF68958A /* DashboardMapping.swift */,
			);
			path = Model;
			sourceTree = "<group>";
		};
		CCF3813F68A04105A5BEF322 /* Data */ = {
			isa = PBXGroup;
			children = (
				6463BFE407744D76BB1A7C00 /* ConnectionConfig.swift */,
				764E8E91E1FB418C93F12B52 /* SensorParser.swift */,
				27FEE9C3D9EC4752B8C6FC45 /* BarScalePeaks.swift */,
				FF809C259F0042D48E05B0E0 /* LhmHttpClient.swift */,
				F921DB0F610F4D9D85681C63 /* HtmlLabelParser.swift */,
				98CC373444DF41B4A5BB8CFA /* Aida64SseClient.swift */,
				17117AB070F24CD7AE8D7576 /* SettingsStore.swift */,
			);
			path = Data;
			sourceTree = "<group>";
		};
		CF13C01160C04C6B86E794D8 /* Products */ = {
			isa = PBXGroup;
			children = (
				7F23694D34C148A6A913D6D5 /* AIDA64Remote.app */,
				F94A72F1D5844BF5B2E514C3 /* AIDA64RemoteTests.xctest */,
			);
			name = Products;
			sourceTree = "<group>";
		};
		F21722DF01CE437EB7E7E346 /* AIDA64RemoteTests */ = {
			isa = PBXGroup;
			children = (
				F9178681514B4809BEF4D69D /* SensorParserTests.swift */,
			);
			path = AIDA64RemoteTests;
			sourceTree = "<group>";
		};
/* End PBXGroup section */

/* Begin PBXNativeTarget section */
		563245FA0DBC40209875E808 /* AIDA64Remote */ = {
			isa = PBXNativeTarget;
			buildConfigurationList = 0604F524379D40B8A3C45FCD /* Build configuration list for PBXNativeTarget "AIDA64Remote" */;
			buildPhases = (
				74E74C92B0FB4B80AEC566CE /* Sources */,
				9CD646366E804B5BB5782998 /* Frameworks */,
				3FFA97ADDB4C4B4293D5BDA3 /* Resources */,
			);
			buildRules = (
			);
			dependencies = (
			);
			name = AIDA64Remote;
			productName = AIDA64Remote;
			productReference = 7F23694D34C148A6A913D6D5 /* AIDA64Remote.app */;
			productType = "com.apple.product-type.application";
		};
		8CAC8940824B40448C6B19C0 /* AIDA64RemoteTests */ = {
			isa = PBXNativeTarget;
			buildConfigurationList = F3AC46C7D9F4473DBD3563F5 /* Build configuration list for PBXNativeTarget "AIDA64RemoteTests" */;
			buildPhases = (
				AF81C2C7AE40450B9EC9EAE2 /* Sources */,
				30A6E2DB056340228E8E0644 /* Frameworks */,
			);
			buildRules = (
			);
			dependencies = (
				E9F6F3FF6F5F4603923C50A2 /* PBXTargetDependency */,
			);
			name = AIDA64RemoteTests;
			productName = AIDA64RemoteTests;
			productReference = F94A72F1D5844BF5B2E514C3 /* AIDA64RemoteTests.xctest */;
			productType = "com.apple.product-type.bundle.unit-test";
		};
/* End PBXNativeTarget section */

/* Begin PBXProject section */
		C07AF5ABE9B34E0FA4935990 /* Project object */ = {
			isa = PBXProject;
			attributes = {
				BuildIndependentTargetsInParallel = 1;
				LastSwiftUpdateCheck = 1600;
				LastUpgradeCheck = 1600;
				TargetAttributes = {
					563245FA0DBC40209875E808 = {
						CreatedOnToolsVersion = 16.0;
					};
					8CAC8940824B40448C6B19C0 = {
						CreatedOnToolsVersion = 16.0;
						TestTargetID = 563245FA0DBC40209875E808;
					};
				};
			};
			buildConfigurationList = FBDD577196CA41BF93A02A1E /* Build configuration list for PBXProject "AIDA64Remote" */;
			compatibilityVersion = "Xcode 14.0";
			developmentRegion = en;
			hasScannedForEncodings = 0;
			knownRegions = (
				en,
				Base,
			);
			mainGroup = ACD80F4EF5BE4137BFC78A78;
			productRefGroup = CF13C01160C04C6B86E794D8 /* Products */;
			projectDirPath = "";
			projectRoot = "";
			targets = (
				563245FA0DBC40209875E808 /* AIDA64Remote */,
				8CAC8940824B40448C6B19C0 /* AIDA64RemoteTests */,
			);
		};
/* End PBXProject section */

/* Begin PBXResourcesBuildPhase section */
		3FFA97ADDB4C4B4293D5BDA3 /* Resources */ = {
			isa = PBXResourcesBuildPhase;
			buildActionMask = 2147483647;
			files = (
				FD98524651304C3185876FC6 /* Assets.xcassets in Resources */,
			);
			runOnlyForDeploymentPostprocessing = 0;
		};
/* End PBXResourcesBuildPhase section */

/* Begin PBXSourcesBuildPhase section */
		74E74C92B0FB4B80AEC566CE /* Sources */ = {
			isa = PBXSourcesBuildPhase;
			buildActionMask = 2147483647;
			files = (
				16EFC05E52964058BA0F8FB8 /* AIDA64RemoteApp.swift in Sources */,
				445ACE44D6654B91806A6433 /* ContentRootView.swift in Sources */,
				5C1CFE698DCC419387098245 /* ConnectionConfig.swift in Sources */,
				6660175070ED4E36AEFEB80C /* SensorParser.swift in Sources */,
				73C9D6B68381494A8CC6C7EA /* BarScalePeaks.swift in Sources */,
				A3C076BFA7F9464892DC8096 /* LhmHttpClient.swift in Sources */,
				59870377C1F04D85BF500876 /* HtmlLabelParser.swift in Sources */,
				40E99356DAE34AD48FA510CA /* Aida64SseClient.swift in Sources */,
				2246265A541C4A978C2C29A7 /* SettingsStore.swift in Sources */,
				57966862407F45D3BA8DEC29 /* SensorModels.swift in Sources */,
				56C301F00B834BC190664BA7 /* DashboardMapping.swift in Sources */,
				0E0A23ED95504B76BE56E6BC /* SensorViewModel.swift in Sources */,
				572BC65D87CD4D47B24EEC9B /* SettingsView.swift in Sources */,
				46EFB2F07CE5464FB06156F5 /* MonitorView.swift in Sources */,
				8E7EB1399CD64B699968FAEE /* DashboardComponents.swift in Sources */,
				9C652FB03DF949A693AEFD96 /* DashColors.swift in Sources */,
				4191200B79DE42C4BCBD5DD0 /* AppTheme.swift in Sources */,
			);
			runOnlyForDeploymentPostprocessing = 0;
		};
		AF81C2C7AE40450B9EC9EAE2 /* Sources */ = {
			isa = PBXSourcesBuildPhase;
			buildActionMask = 2147483647;
			files = (
				284D5A5AAED24F70A83D8674 /* SensorParserTests.swift in Sources */,
			);
			runOnlyForDeploymentPostprocessing = 0;
		};
/* End PBXSourcesBuildPhase section */

/* Begin PBXTargetDependency section */
		E9F6F3FF6F5F4603923C50A2 /* PBXTargetDependency */ = {
			isa = PBXTargetDependency;
			target = 563245FA0DBC40209875E808 /* AIDA64Remote */;
			targetProxy = 8AE805F5F68946309C01194A /* PBXContainerItemProxy */;
		};
/* End PBXTargetDependency section */

/* Begin XCBuildConfiguration section */
		68AF173D9D5F47ACAADCDC67 /* Release */ = {
			isa = XCBuildConfiguration;
			buildSettings = {
				BUNDLE_LOADER = "$(TEST_HOST)";
				CODE_SIGN_STYLE = Automatic;
				CURRENT_PROJECT_VERSION = 1;
				GENERATE_INFOPLIST_FILE = YES;
				IPHONEOS_DEPLOYMENT_TARGET = 17.0;
				MARKETING_VERSION = 1.0;
				PRODUCT_BUNDLE_IDENTIFIER = com.example.aida64remote.tests;
				PRODUCT_NAME = "$(TARGET_NAME)";
				SWIFT_EMIT_LOC_STRINGS = NO;
				SWIFT_VERSION = 5.0;
				TARGETED_DEVICE_FAMILY = "1,2";
				TEST_HOST = "$(BUILT_PRODUCTS_DIR)/AIDA64Remote.app/AIDA64Remote";
			};
			name = Release;
		};
		992E9CB68B2E4579AC24B826 /* Release */ = {
			isa = XCBuildConfiguration;
			buildSettings = {
				ASSETCATALOG_COMPILER_APPICON_NAME = AppIcon;
				ASSETCATALOG_COMPILER_GLOBAL_ACCENT_COLOR_NAME = AccentColor;
				CODE_SIGN_STYLE = Automatic;
				CURRENT_PROJECT_VERSION = 1;
				DEVELOPMENT_TEAM = J95N79237J;
				ENABLE_PREVIEWS = YES;
				GENERATE_INFOPLIST_FILE = NO;
				INFOPLIST_FILE = AIDA64Remote/Info.plist;
				LD_RUNPATH_SEARCH_PATHS = (
					"$(inherited)",
					"@executable_path/Frameworks",
				);
				MARKETING_VERSION = 1.0;
				ENABLE_TESTABILITY = YES;
				PRODUCT_BUNDLE_IDENTIFIER = com.example.aida64remote;
				PRODUCT_NAME = "$(TARGET_NAME)";
				SUPPORTED_PLATFORMS = "iphoneos iphonesimulator";
				SUPPORTS_MACCATALYST = NO;
				SWIFT_EMIT_LOC_STRINGS = YES;
				SWIFT_VERSION = 5.0;
				TARGETED_DEVICE_FAMILY = "1,2";
			};
			name = Release;
		};
		A6495FEBBD1F4AE29DC4729F /* Release */ = {
			isa = XCBuildConfiguration;
			buildSettings = {
				ALWAYS_SEARCH_USER_PATHS = NO;
				CLANG_ENABLE_MODULES = YES;
				CLANG_ENABLE_OBJC_ARC = YES;
				COPY_PHASE_STRIP = NO;
				DEBUG_INFORMATION_FORMAT = "dwarf-with-dsym";
				ENABLE_NS_ASSERTIONS = NO;
				ENABLE_STRICT_OBJC_MSGSEND = YES;
				GCC_C_LANGUAGE_STANDARD = gnu17;
				GCC_NO_COMMON_BLOCKS = YES;
				IPHONEOS_DEPLOYMENT_TARGET = 17.0;
				MTL_ENABLE_DEBUG_INFO = NO;
				SDKROOT = iphoneos;
				SWIFT_COMPILATION_MODE = wholemodule;
				SWIFT_OPTIMIZATION_LEVEL = "-O";
				SWIFT_VERSION = 5.0;
				VALIDATE_PRODUCT = YES;
			};
			name = Release;
		};
		BCF576BB9D6644738ADE7F83 /* Debug */ = {
			isa = XCBuildConfiguration;
			buildSettings = {
				BUNDLE_LOADER = "$(TEST_HOST)";
				CODE_SIGN_STYLE = Automatic;
				CURRENT_PROJECT_VERSION = 1;
				GENERATE_INFOPLIST_FILE = YES;
				IPHONEOS_DEPLOYMENT_TARGET = 17.0;
				MARKETING_VERSION = 1.0;
				PRODUCT_BUNDLE_IDENTIFIER = com.example.aida64remote.tests;
				PRODUCT_NAME = "$(TARGET_NAME)";
				SWIFT_EMIT_LOC_STRINGS = NO;
				SWIFT_VERSION = 5.0;
				TARGETED_DEVICE_FAMILY = "1,2";
				TEST_HOST = "$(BUILT_PRODUCTS_DIR)/AIDA64Remote.app/AIDA64Remote";
			};
			name = Debug;
		};
		F3FC4ACE6E0E4C15BDFEF613 /* Debug */ = {
			isa = XCBuildConfiguration;
			buildSettings = {
				ASSETCATALOG_COMPILER_APPICON_NAME = AppIcon;
				ASSETCATALOG_COMPILER_GLOBAL_ACCENT_COLOR_NAME = AccentColor;
				CODE_SIGN_STYLE = Automatic;
				CURRENT_PROJECT_VERSION = 1;
				DEVELOPMENT_TEAM = J95N79237J;
				ENABLE_PREVIEWS = YES;
				GENERATE_INFOPLIST_FILE = NO;
				INFOPLIST_FILE = AIDA64Remote/Info.plist;
				LD_RUNPATH_SEARCH_PATHS = (
					"$(inherited)",
					"@executable_path/Frameworks",
				);
				MARKETING_VERSION = 1.0;
				ENABLE_TESTABILITY = YES;
				PRODUCT_BUNDLE_IDENTIFIER = com.example.aida64remote;
				PRODUCT_NAME = "$(TARGET_NAME)";
				SUPPORTED_PLATFORMS = "iphoneos iphonesimulator";
				SUPPORTS_MACCATALYST = NO;
				SWIFT_EMIT_LOC_STRINGS = YES;
				SWIFT_VERSION = 5.0;
				TARGETED_DEVICE_FAMILY = "1,2";
			};
			name = Debug;
		};
		F4887B1A8E1F4E1EBC521C66 /* Debug */ = {
			isa = XCBuildConfiguration;
			buildSettings = {
				ALWAYS_SEARCH_USER_PATHS = NO;
				CLANG_ENABLE_MODULES = YES;
				CLANG_ENABLE_OBJC_ARC = YES;
				COPY_PHASE_STRIP = NO;
				DEBUG_INFORMATION_FORMAT = dwarf;
				ENABLE_STRICT_OBJC_MSGSEND = YES;
				GCC_C_LANGUAGE_STANDARD = gnu17;
				GCC_NO_COMMON_BLOCKS = YES;
				IPHONEOS_DEPLOYMENT_TARGET = 17.0;
				MTL_ENABLE_DEBUG_INFO = INCLUDE_SOURCE;
				ONLY_ACTIVE_ARCH = YES;
				SDKROOT = iphoneos;
				SWIFT_ACTIVE_COMPILATION_CONDITIONS = DEBUG;
				SWIFT_OPTIMIZATION_LEVEL = "-Onone";
				SWIFT_VERSION = 5.0;
			};
			name = Debug;
		};
/* End XCBuildConfiguration section */

/* Begin XCConfigurationList section */
		0604F524379D40B8A3C45FCD /* Build configuration list for PBXNativeTarget "AIDA64Remote" */ = {
			isa = XCConfigurationList;
			buildConfigurations = (
				F3FC4ACE6E0E4C15BDFEF613 /* Debug */,
				992E9CB68B2E4579AC24B826 /* Release */,
			);
			defaultConfigurationIsVisible = 0;
			defaultConfigurationName = Release;
		};
		F3AC46C7D9F4473DBD3563F5 /* Build configuration list for PBXNativeTarget "AIDA64RemoteTests" */ = {
			isa = XCConfigurationList;
			buildConfigurations = (
				BCF576BB9D6644738ADE7F83 /* Debug */,
				68AF173D9D5F47ACAADCDC67 /* Release */,
			);
			defaultConfigurationIsVisible = 0;
			defaultConfigurationName = Release;
		};
		FBDD577196CA41BF93A02A1E /* Build configuration list for PBXProject "AIDA64Remote" */ = {
			isa = XCConfigurationList;
			buildConfigurations = (
				F4887B1A8E1F4E1EBC521C66 /* Debug */,
				A6495FEBBD1F4AE29DC4729F /* Release */,
			);
			defaultConfigurationIsVisible = 0;
			defaultConfigurationName = Release;
		};
/* End XCConfigurationList section */
	};
	rootObject = C07AF5ABE9B34E0FA4935990 /* Project object */;
}
